<Solution>
  <Folder Name="/src/" />
  <Folder Name="/src/Core/">
    <Project Path="src/Core/ClinicManagement.Application/ClinicManagement.Application.csproj" />
    <Project Path="src/Core/ClinicManagement.Domain/ClinicManagement.Domain.csproj" />
  </Folder>
  <Folder Name="/src/Infrastructure/">
    <Project Path="src/Infrastructure/ClinicManagement.Infrastructure/ClinicManagement.Infrastructure.csproj" />
  </Folder>
  <Folder Name="/src/Presentation/">
    <Project Path="src/Presentation/ClinicManagement.WebApi/ClinicManagement.WebApi.csproj" />
  </Folder>
</Solution>
